
Microsoft Visual Studio Solution File, Format Version 12.00
# Visual Studio Version 17
VisualStudioVersion = 17.12.35514.174 d17.12
MinimumVisualStudioVersion = 10.0.40219.1
Project("{FAE04EC0-301F-11D3-BF4B-00C04F79EFBC}") = "WpfApp5", "WpfApp5\WpfApp5.csproj", "{1A7165C1-6595-4234-AEA5-36D31D8EE720}"
EndProject
Project("{FAE04EC0-301F-11D3-BF4B-00C04F79EFBC}") = "TestProject1", "TestProject1\TestProject1.csproj", "{E77D8C4B-28C2-4F69-AE68-BC0E53291E02}"
EndProject
Global
	GlobalSection(SolutionConfigurationPlatforms) = preSolution
		Debug|Any CPU = Debug|Any CPU
		Release|Any CPU = Release|Any CPU
	EndGlobalSection
	GlobalSection(ProjectConfigurationPlatforms) = postSolution
		{1A7165C1-6595-4234-AEA5-36D31D8EE720}.Debug|Any CPU.ActiveCfg = Debug|Any CPU
		{1A7165C1-6595-4234-AEA5-36D31D8EE720}.Debug|Any CPU.Build.0 = Debug|Any CPU
		{1A7165C1-6595-4234-AEA5-36D31D8EE720}.Release|Any CPU.ActiveCfg = Release|Any CPU
		{1A7165C1-6595-4234-AEA5-36D31D8EE720}.Release|Any CPU.Build.0 = Release|Any CPU
		{E77D8C4B-28C2-4F69-AE68-BC0E53291E02}.Debug|Any CPU.ActiveCfg = Debug|Any CPU
		{E77D8C4B-28C2-4F69-AE68-BC0E53291E02}.Debug|Any CPU.Build.0 = Debug|Any CPU
		{E77D8C4B-28C2-4F69-AE68-BC0E53291E02}.Release|Any CPU.ActiveCfg = Release|Any CPU
		{E77D8C4B-28C2-4F69-AE68-BC0E53291E02}.Release|Any CPU.Build.0 = Release|Any CPU
	EndGlobalSection
	GlobalSection(SolutionProperties) = preSolution
		HideSolutionNode = FALSE
	EndGlobalSection
EndGlobal
